
Microsoft Visual Studio Solution File, Format Version 12.00
# Visual Studio Version 16
VisualStudioVersion = 16.0.30523.141
MinimumVisualStudioVersion = 10.0.40219.1
Project("{FAE04EC0-301F-11D3-BF4B-00C04F79EFBC}") = "WebAPIH3", "WebAPIH3\WebAPIH3.csproj", "{4DD89F29-B4C7-419F-B423-8919640D7B65}"
EndProject
Global
	GlobalSection(SolutionConfigurationPlatforms) = preSolution
		Debug|Any CPU = Debug|Any CPU
		Release|Any CPU = Release|Any CPU
	EndGlobalSection
	GlobalSection(ProjectConfigurationPlatforms) = postSolution
		{4DD89F29-B4C7-419F-B423-8919640D7B65}.Debug|Any CPU.ActiveCfg = Debug|Any CPU
		{4DD89F29-B4C7-419F-B423-8919640D7B65}.Debug|Any CPU.Build.0 = Debug|Any CPU
		{4DD89F29-B4C7-419F-B423-8919640D7B65}.Release|Any CPU.ActiveCfg = Release|Any CPU
		{4DD89F29-B4C7-419F-B423-8919640D7B65}.Release|Any CPU.Build.0 = Release|Any CPU
	EndGlobalSection
	GlobalSection(SolutionProperties) = preSolution
		HideSolutionNode = FALSE
	EndGlobalSection
	GlobalSection(ExtensibilityGlobals) = postSolution
		SolutionGuid = {A2C441B7-F0F8-4A4B-ABFD-6DD1736B4D1A}
	EndGlobalSection
EndGlobal
